# This file is autogenerated, do not edit; changes may be undone by the next 'dep ensure'.


[[projects]]
  name = "github.com/DataDog/datadog-go"
  packages = ["statsd"]
  revision = "0ddda6bee21174ef6c4873647cb0d6ec9cba996f"
  version = "1.1.0"

[[projects]]
  name = "github.com/axiomhq/hyperloglog"
  packages = ["."]
  revision = "8300947202c9fbce15a5a299b27c8b0f5092a520"

[[projects]]
  name = "github.com/davecgh/go-spew"
  packages = ["spew"]
  revision = "346938d642f2ec3594ed81d874461961cd0faa76"
  version = "v1.1.0"

[[projects]]
  branch = "master"
  name = "github.com/dgryski/go-bits"
  packages = ["."]
  revision = "bd8a69a71dc203aa976f9d918b428db9ac605f57"

[[projects]]
  branch = "master"
  name = "github.com/dgryski/go-metro"
  packages = ["."]
  revision = "280f6062b5bc97ee9b9afe7f2ccb361e59845baa"

[[projects]]
  name = "github.com/gogo/protobuf"
  packages = [
    "gogoproto",
    "proto",
    "protoc-gen-gogo/descriptor"
  ]
  revision = "342cbe0a04158f6dcb03ca0079991a51a4248c02"
  version = "v0.5"

[[projects]]
  branch = "master"
  name = "github.com/golang/protobuf"
  packages = [
    "proto",
    "ptypes",
    "ptypes/any",
    "ptypes/duration",
    "ptypes/timestamp"
  ]
  revision = "1e59b77b52bf8e4b449a57e6f79f21226d571845"

[[projects]]
  name = "github.com/opentracing/opentracing-go"
  packages = [
    ".",
    "log"
  ]
  revision = "1949ddbfd147afd4d964a9f00b24eb291e0e7c38"
  version = "v1.0.2"

[[projects]]
  name = "github.com/pmezard/go-difflib"
  packages = ["difflib"]
  revision = "792786c7400a136282c1664665ae0a8db921c6c2"
  version = "v1.0.0"

[[projects]]
  branch = "master"
  name = "github.com/segmentio/fasthash"
  packages = ["fnv1a"]
  revision = "a72b379d632eab4b49e4f4b2c765cfebf0a74796"

[[projects]]
  name = "github.com/sirupsen/logrus"
  packages = ["."]
  revision = "89742aefa4b206dcf400792f3bd35b542998eb3b"

[[projects]]
  name = "github.com/stretchr/testify"
  packages = [
    "assert",
    "require"
  ]
  revision = "12b6f73e6084dad08a7c6e575284b177ecafbc71"
  version = "v1.2.1"

[[projects]]
  branch = "master"
  name = "github.com/stripe/veneur"
  packages = [
    "protocol",
    "protocol/dogstatsd",
    "samplers",
    "samplers/metricpb",
    "sinks",
    "sinks/grpsink",
    "ssf",
    "tdigest",
    "trace",
    "trace/metrics"
  ]
  revision = "edf9e9d09772a90898abee0426bc1358c3886f8f"

[[projects]]
  branch = "master"
  name = "golang.org/x/crypto"
  packages = ["ssh/terminal"]
  revision = "95a4943f35d008beabde8c11e5075a1b714e6419"

[[projects]]
  branch = "master"
  name = "golang.org/x/net"
  packages = [
    "context",
    "http2",
    "http2/hpack",
    "idna",
    "internal/timeseries",
    "lex/httplex",
    "trace"
  ]
  revision = "d866cfc389cec985d6fda2859936a575a55a3ab6"

[[projects]]
  branch = "master"
  name = "golang.org/x/sys"
  packages = [
    "unix",
    "windows"
  ]
  revision = "83801418e1b59fb1880e363299581ee543af32ca"

[[projects]]
  branch = "master"
  name = "golang.org/x/text"
  packages = [
    "collate",
    "collate/build",
    "internal/colltab",
    "internal/gen",
    "internal/tag",
    "internal/triegen",
    "internal/ucd",
    "language",
    "secure/bidirule",
    "transform",
    "unicode/bidi",
    "unicode/cldr",
    "unicode/norm",
    "unicode/rangetable"
  ]
  revision = "eb22672bea55af56d225d4e35405f4d2e9f062a0"

[[projects]]
  branch = "master"
  name = "google.golang.org/genproto"
  packages = ["googleapis/rpc/status"]
  revision = "a8101f21cf983e773d0c1133ebc5424792003214"

[[projects]]
  name = "google.golang.org/grpc"
  packages = [
    ".",
    "balancer",
    "balancer/base",
    "balancer/roundrobin",
    "codes",
    "connectivity",
    "credentials",
    "encoding",
    "encoding/proto",
    "grpclb/grpc_lb_v1/messages",
    "grpclog",
    "internal",
    "keepalive",
    "metadata",
    "naming",
    "peer",
    "resolver",
    "resolver/dns",
    "resolver/passthrough",
    "stats",
    "status",
    "tap",
    "transport"
  ]
  revision = "d89cded64628466c4ab532d1f0ba5c220459ebe8"
  version = "v1.11.2"

[[projects]]
  branch = "v2"
  name = "gopkg.in/yaml.v2"
  packages = ["."]
  revision = "287cf08546ab5e7e37d55a84f7ed3fd1db036de5"

[solve-meta]
  analyzer-name = "dep"
  analyzer-version = 1
  inputs-digest = "73624f471134ba3455f6f86b57b92f5dc740fee76feaac3b763947e28711e526"
  solver-name = "gps-cdcl"
  solver-version = 1
